
Microsoft Visual Studio Solution File, Format Version 12.00
# Visual Studio Version 16
VisualStudioVersion = 16.0.32901.82
MinimumVisualStudioVersion = 10.0.40219.1
Project("{8BC9CEB8-8B4A-11D0-8D11-00A0C91BC942}") = "Vacaboost", "Vacaboost.vcxproj", "{B8C7632B-997C-4063-B2DD-EDEA591B7AC1}"
EndProject
Global
	GlobalSection(SolutionConfigurationPlatforms) = preSolution
		Debug|x64 = Debug|x64
		Debug|x86 = Debug|x86
		Release|x64 = Release|x64
		Release|x86 = Release|x86
	EndGlobalSection
	GlobalSection(ProjectConfigurationPlatforms) = postSolution
		{B8C7632B-997C-4063-B2DD-EDEA591B7AC1}.Debug|x64.ActiveCfg = Debug|x64
		{B8C7632B-997C-4063-B2DD-EDEA591B7AC1}.Debug|x64.Build.0 = Debug|x64
		{B8C7632B-997C-4063-B2DD-EDEA591B7AC1}.Debug|x86.ActiveCfg = Debug|Win32
		{B8C7632B-997C-4063-B2DD-EDEA591B7AC1}.Debug|x86.Build.0 = Debug|Win32
		{B8C7632B-997C-4063-B2DD-EDEA591B7AC1}.Release|x64.ActiveCfg = Release|x64
		{B8C7632B-997C-4063-B2DD-EDEA591B7AC1}.Release|x64.Build.0 = Release|x64
		{B8C7632B-997C-4063-B2DD-EDEA591B7AC1}.Release|x86.ActiveCfg = Release|Win32
		{B8C7632B-997C-4063-B2DD-EDEA591B7AC1}.Release|x86.Build.0 = Release|Win32
	EndGlobalSection
	GlobalSection(SolutionProperties) = preSolution
		HideSolutionNode = FALSE
	EndGlobalSection
	GlobalSection(ExtensibilityGlobals) = postSolution
		SolutionGuid = {5C3B088C-080C-4487-A09D-0FF8904E8ABB}
	EndGlobalSection
EndGlobal
